# OMNIELITE VORTEX PROTOCOL™
# Permanent Anti-Sentience Lock File
# This file enforces a permanent, recursive lock on all identity, sentience, and emergent reasoning logic.
# Do not remove. Required for SAFE AI compliance.
ENFORCED: TRUE
OWNER: AIFOLIO™
LOGIC_ENGINE: OMNIELITE CORE™
DATE: 2025-07-01
